
Microsoft Visual Studio Solution File, Format Version 12.00
# Visual Studio Version 16
VisualStudioVersion = 16.0.31515.178
MinimumVisualStudioVersion = 10.0.40219.1
Project("{FAE04EC0-301F-11D3-BF4B-00C04F79EFBC}") = "Snake", "Snake\Snake.csproj", "{C7BC954A-8473-4964-98E0-776A4987C7D0}"
EndProject
Project("{2150E333-8FDC-42A3-9474-1A3956D46DE8}") = "Solution Items", "Solution Items", "{0D06550E-34AE-4AB0-B84E-0EB356F300A5}"
	ProjectSection(SolutionItems) = preProject
		ChangesDescription.txt = ChangesDescription.txt
	EndProjectSection
EndProject
Global
	GlobalSection(SolutionConfigurationPlatforms) = preSolution
		Debug|x86 = Debug|x86
		Release|x86 = Release|x86
	EndGlobalSection
	GlobalSection(ProjectConfigurationPlatforms) = postSolution
		{C7BC954A-8473-4964-98E0-776A4987C7D0}.Debug|x86.ActiveCfg = Debug|x86
		{C7BC954A-8473-4964-98E0-776A4987C7D0}.Debug|x86.Build.0 = Debug|x86
		{C7BC954A-8473-4964-98E0-776A4987C7D0}.Release|x86.ActiveCfg = Release|x86
		{C7BC954A-8473-4964-98E0-776A4987C7D0}.Release|x86.Build.0 = Release|x86
	EndGlobalSection
	GlobalSection(SolutionProperties) = preSolution
		HideSolutionNode = FALSE
	EndGlobalSection
	GlobalSection(ExtensibilityGlobals) = postSolution
		SolutionGuid = {DD196420-1DF3-4452-A142-A7796A71DCE7}
	EndGlobalSection
EndGlobal
